Setono\SyliusCMSPlugin\Model\Block:
    exclusion_policy: ALL
    xml_root_name: block
    properties:
        id:
            expose: true
            type: integer
            xml_attribute: true
            groups: [Default, Autocomplete]
        code:
            expose: true
            type: string
            xml_attribute: true
            groups: [Default, Autocomplete]
